
Microsoft Visual Studio Solution File, Format Version 12.00
# Visual Studio Version 17
VisualStudioVersion = 17.14.36717.8 d17.14
MinimumVisualStudioVersion = 10.0.40219.1
Project("{FAE04EC0-301F-11D3-BF4B-00C04F79EFBC}") = "ERP_API", "ERP_API.csproj", "{D30F2276-1435-45C6-AFDB-DE4F3F1B3A4B}"
	ProjectSection(ProjectDependencies) = postProject
		{0A43D0D3-14E4-417E-8033-FDA2839DBA6E} = {0A43D0D3-14E4-417E-8033-FDA2839DBA6E}
	EndProjectSection
EndProject
Project("{FAE04EC0-301F-11D3-BF4B-00C04F79EFBC}") = "ERP_Application", "..\ERP_Application\ERP_Application.csproj", "{0A43D0D3-14E4-417E-8033-FDA2839DBA6E}"
	ProjectSection(ProjectDependencies) = postProject
		{6966BC7A-3A20-4603-B2D9-DA34F764442A} = {6966BC7A-3A20-4603-B2D9-DA34F764442A}
	EndProjectSection
EndProject
Project("{FAE04EC0-301F-11D3-BF4B-00C04F79EFBC}") = "ERP_DataLayer", "..\ERP_DataLayer\ERP_DataLayer.csproj", "{6966BC7A-3A20-4603-B2D9-DA34F764442A}"
EndProject
Global
	GlobalSection(SolutionConfigurationPlatforms) = preSolution
		Debug|Any CPU = Debug|Any CPU
		Release|Any CPU = Release|Any CPU
	EndGlobalSection
	GlobalSection(ProjectConfigurationPlatforms) = postSolution
		{D30F2276-1435-45C6-AFDB-DE4F3F1B3A4B}.Debug|Any CPU.ActiveCfg = Debug|Any CPU
		{D30F2276-1435-45C6-AFDB-DE4F3F1B3A4B}.Debug|Any CPU.Build.0 = Debug|Any CPU
		{D30F2276-1435-45C6-AFDB-DE4F3F1B3A4B}.Release|Any CPU.ActiveCfg = Release|Any CPU
		{D30F2276-1435-45C6-AFDB-DE4F3F1B3A4B}.Release|Any CPU.Build.0 = Release|Any CPU
		{0A43D0D3-14E4-417E-8033-FDA2839DBA6E}.Debug|Any CPU.ActiveCfg = Debug|Any CPU
		{0A43D0D3-14E4-417E-8033-FDA2839DBA6E}.Debug|Any CPU.Build.0 = Debug|Any CPU
		{0A43D0D3-14E4-417E-8033-FDA2839DBA6E}.Release|Any CPU.ActiveCfg = Release|Any CPU
		{0A43D0D3-14E4-417E-8033-FDA2839DBA6E}.Release|Any CPU.Build.0 = Release|Any CPU
		{6966BC7A-3A20-4603-B2D9-DA34F764442A}.Debug|Any CPU.ActiveCfg = Debug|Any CPU
		{6966BC7A-3A20-4603-B2D9-DA34F764442A}.Debug|Any CPU.Build.0 = Debug|Any CPU
		{6966BC7A-3A20-4603-B2D9-DA34F764442A}.Release|Any CPU.ActiveCfg = Release|Any CPU
		{6966BC7A-3A20-4603-B2D9-DA34F764442A}.Release|Any CPU.Build.0 = Release|Any CPU
	EndGlobalSection
	GlobalSection(SolutionProperties) = preSolution
		HideSolutionNode = FALSE
	EndGlobalSection
	GlobalSection(ExtensibilityGlobals) = postSolution
		SolutionGuid = {B9EB164E-8AC7-4E35-8EFD-D8C4FE39400B}
	EndGlobalSection
EndGlobal
